
Microsoft Visual Studio Solution File, Format Version 12.00
# Visual Studio Version 16
VisualStudioVersion = 16.0.31112.23
MinimumVisualStudioVersion = 10.0.40219.1
Project("{FAE04EC0-301F-11D3-BF4B-00C04F79EFBC}") = "Programme_poo", "Programme_poo\Programme_poo.csproj", "{6311BB61-9A40-49D6-BFAF-BED7448B496B}"
EndProject
Global
	GlobalSection(SolutionConfigurationPlatforms) = preSolution
		Debug|Any CPU = Debug|Any CPU
		Release|Any CPU = Release|Any CPU
	EndGlobalSection
	GlobalSection(ProjectConfigurationPlatforms) = postSolution
		{6311BB61-9A40-49D6-BFAF-BED7448B496B}.Debug|Any CPU.ActiveCfg = Debug|Any CPU
		{6311BB61-9A40-49D6-BFAF-BED7448B496B}.Debug|Any CPU.Build.0 = Debug|Any CPU
		{6311BB61-9A40-49D6-BFAF-BED7448B496B}.Release|Any CPU.ActiveCfg = Release|Any CPU
		{6311BB61-9A40-49D6-BFAF-BED7448B496B}.Release|Any CPU.Build.0 = Release|Any CPU
	EndGlobalSection
	GlobalSection(SolutionProperties) = preSolution
		HideSolutionNode = FALSE
	EndGlobalSection
	GlobalSection(ExtensibilityGlobals) = postSolution
		SolutionGuid = {461E48F6-04AD-4279-8A9F-ABF08C550F6E}
	EndGlobalSection
EndGlobal
